
Microsoft Visual Studio Solution File, Format Version 12.00
# Visual Studio 14
VisualStudioVersion = 14.0.25420.1
MinimumVisualStudioVersion = 10.0.40219.1
Project("{FAE04EC0-301F-11D3-BF4B-00C04F79EFBC}") = "ConfigManage", "ConfigManage\ConfigManage.csproj", "{01044B02-BC76-45E9-8C93-8C393F025708}"
EndProject
Global
	GlobalSection(SolutionConfigurationPlatforms) = preSolution
		Debug|Any CPU = Debug|Any CPU
		Release|Any CPU = Release|Any CPU
	EndGlobalSection
	GlobalSection(ProjectConfigurationPlatforms) = postSolution
		{01044B02-BC76-45E9-8C93-8C393F025708}.Debug|Any CPU.ActiveCfg = Debug|Any CPU
		{01044B02-BC76-45E9-8C93-8C393F025708}.Debug|Any CPU.Build.0 = Debug|Any CPU
		{01044B02-BC76-45E9-8C93-8C393F025708}.Release|Any CPU.ActiveCfg = Release|Any CPU
		{01044B02-BC76-45E9-8C93-8C393F025708}.Release|Any CPU.Build.0 = Release|Any CPU
	EndGlobalSection
	GlobalSection(SolutionProperties) = preSolution
		HideSolutionNode = FALSE
	EndGlobalSection
EndGlobal
